hash: 5897b2970a973fbef57bb53c2a3d8029e78f2e4a86cdb83abdfc1f3392cea95f
updated: 2019-06-07T14:09:30.983767-07:00
imports:
- name: github.com/xeipuuv/gojsonpointer
  version: 4e3ac2762d5f479393488629ee9370b50873b3a6
- name: github.com/xeipuuv/gojsonreference
  version: bd5ef7bd5415a7ac448318e64f11a24cd21e594b
- name: github.com/xeipuuv/gojsonschema
  version: 152a7d4d1f85229eedd9dbd09328da82cc5d1aa2
testImports:
- name: github.com/gopherjs/gopherjs
  version: 3e4dfb77656c424b6d1196a4d5fed0fcf63677cc
  subpackages:
  - js
- name: github.com/jacobsa/oglematchers
  version: 141901ea67cd4769c6800aa7bfdfc558fa22bda5
- name: github.com/jtolds/gls
  version: b4936e06046bbecbb94cae9c18127ebe510a2cb9
- name: github.com/smartystreets/assertions
  version: d380eccd517d419eb73a0a90cc3ffc405f1e029e
  subpackages:
  - internal/go-diff/diffmatchpatch
  - internal/go-render/render
  - internal/oglematchers
- name: github.com/smartystreets/goconvey
  version: 9e8dc3f972df6c8fcc0375ef492c24d0bb204857
  subpackages:
  - convey
  - convey/gotest
  - convey/reporting
